Microsoft Visual Studio Solution File, Format Version 11.00
# Visual Studio 2008

Project("{CE77F522-87A7-639F-B4F6-1AFCCB7D93C2}") = "Mino", "Assembly-CSharp.csproj", "{06EE04D2-0A31-3E88-3AFD-4E2AE7705008}"
EndProject
Global
	GlobalSection(SolutionConfigurationPlatforms) = preSolution
		Debug|Any CPU = Debug|Any CPU
		Release|Any CPU = Release|Any CPU
	EndGlobalSection
	GlobalSection(ProjectConfigurationPlatforms) = postSolution
		{06EE04D2-0A31-3E88-3AFD-4E2AE7705008}.Debug|Any CPU.ActiveCfg = Debug|Any CPU
		{06EE04D2-0A31-3E88-3AFD-4E2AE7705008}.Debug|Any CPU.Build.0 = Debug|Any CPU
		{06EE04D2-0A31-3E88-3AFD-4E2AE7705008}.Release|Any CPU.ActiveCfg = Release|Any CPU
		{06EE04D2-0A31-3E88-3AFD-4E2AE7705008}.Release|Any CPU.Build.0 = Release|Any CPU
	EndGlobalSection
	GlobalSection(SolutionProperties) = preSolution
		HideSolutionNode = FALSE
	EndGlobalSection
	GlobalSection(MonoDevelopProperties) = preSolution
		StartupItem = Assembly-CSharp.csproj
	EndGlobalSection
EndGlobal
